
Microsoft Visual Studio Solution File, Format Version 12.00
# Visual Studio Version 17
VisualStudioVersion = 17.3.32922.545
MinimumVisualStudioVersion = 10.0.40219.1
Project("{FAE04EC0-301F-11D3-BF4B-00C04F79EFBC}") = "Generics", "Generics\Generics.csproj", "{6816C425-F8AF-4D48-BF7B-EE87ABA52B8A}"
EndProject
Global
	GlobalSection(SolutionConfigurationPlatforms) = preSolution
		Debug|Any CPU = Debug|Any CPU
		Release|Any CPU = Release|Any CPU
	EndGlobalSection
	GlobalSection(ProjectConfigurationPlatforms) = postSolution
		{6816C425-F8AF-4D48-BF7B-EE87ABA52B8A}.Debug|Any CPU.ActiveCfg = Debug|Any CPU
		{6816C425-F8AF-4D48-BF7B-EE87ABA52B8A}.Debug|Any CPU.Build.0 = Debug|Any CPU
		{6816C425-F8AF-4D48-BF7B-EE87ABA52B8A}.Release|Any CPU.ActiveCfg = Release|Any CPU
		{6816C425-F8AF-4D48-BF7B-EE87ABA52B8A}.Release|Any CPU.Build.0 = Release|Any CPU
	EndGlobalSection
	GlobalSection(SolutionProperties) = preSolution
		HideSolutionNode = FALSE
	EndGlobalSection
	GlobalSection(ExtensibilityGlobals) = postSolution
		SolutionGuid = {6C13FD3A-0DD8-4B3F-9906-3B4E11B039DE}
	EndGlobalSection
EndGlobal
